
Microsoft Visual Studio Solution File, Format Version 12.00
# Visual Studio Version 16
VisualStudioVersion = 16.0.31019.35
MinimumVisualStudioVersion = 10.0.40219.1
Project("{9A19103F-16F7-4668-BE54-9A1E7A4F7556}") = "CryptoFaucet", ".\CryptoFaucet\CryptoFaucet.csproj", "{00231E19-5EC3-405B-82BC-E152658C8249}"
EndProject
Project("{9A19103F-16F7-4668-BE54-9A1E7A4F7556}") = "CryptoFaucetTests", ".\CryptoFaucetTests\CryptoFaucetTests.csproj", "{DC4569AD-4F3A-4738-A580-2A3071B584AD}"
EndProject
Global
	GlobalSection(SolutionConfigurationPlatforms) = preSolution
		Debug|Any CPU = Debug|Any CPU
		Release|Any CPU = Release|Any CPU
	EndGlobalSection
	GlobalSection(ProjectConfigurationPlatforms) = postSolution
		{00231E19-5EC3-405B-82BC-E152658C8249}.Debug|Any CPU.ActiveCfg = Debug|Any CPU
		{00231E19-5EC3-405B-82BC-E152658C8249}.Debug|Any CPU.Build.0 = Debug|Any CPU
		{00231E19-5EC3-405B-82BC-E152658C8249}.Release|Any CPU.ActiveCfg = Release|Any CPU
		{00231E19-5EC3-405B-82BC-E152658C8249}.Release|Any CPU.Build.0 = Release|Any CPU
		{DC4569AD-4F3A-4738-A580-2A3071B584AD}.Debug|Any CPU.ActiveCfg = Debug|Any CPU
		{DC4569AD-4F3A-4738-A580-2A3071B584AD}.Debug|Any CPU.Build.0 = Debug|Any CPU
		{DC4569AD-4F3A-4738-A580-2A3071B584AD}.Release|Any CPU.ActiveCfg = Release|Any CPU
		{DC4569AD-4F3A-4738-A580-2A3071B584AD}.Release|Any CPU.Build.0 = Release|Any CPU
	EndGlobalSection
	GlobalSection(SolutionProperties) = preSolution
		HideSolutionNode = FALSE
	EndGlobalSection
	GlobalSection(ExtensibilityGlobals) = postSolution
		SolutionGuid = {F638D712-C081-4EAE-860F-E19720085A79}
	EndGlobalSection
EndGlobal
